
Microsoft Visual Studio Solution File, Format Version 12.00
# Visual Studio Version 16
VisualStudioVersion = 16.0.29728.190
MinimumVisualStudioVersion = 10.0.40219.1
Project("{FAE04EC0-301F-11D3-BF4B-00C04F79EFBC}") = "p3lab8", "p3lab8\p3lab8.csproj", "{DFC6A8AA-5C8A-46BD-8BD8-138098727391}"
EndProject
Global
	GlobalSection(SolutionConfigurationPlatforms) = preSolution
		Debug|Any CPU = Debug|Any CPU
		Release|Any CPU = Release|Any CPU
	EndGlobalSection
	GlobalSection(ProjectConfigurationPlatforms) = postSolution
		{DFC6A8AA-5C8A-46BD-8BD8-138098727391}.Debug|Any CPU.ActiveCfg = Debug|Any CPU
		{DFC6A8AA-5C8A-46BD-8BD8-138098727391}.Debug|Any CPU.Build.0 = Debug|Any CPU
		{DFC6A8AA-5C8A-46BD-8BD8-138098727391}.Release|Any CPU.ActiveCfg = Release|Any CPU
		{DFC6A8AA-5C8A-46BD-8BD8-138098727391}.Release|Any CPU.Build.0 = Release|Any CPU
	EndGlobalSection
	GlobalSection(SolutionProperties) = preSolution
		HideSolutionNode = FALSE
	EndGlobalSection
	GlobalSection(ExtensibilityGlobals) = postSolution
		SolutionGuid = {C71C7C03-3648-4124-BF77-12A458D2FFF8}
	EndGlobalSection
EndGlobal
